
Microsoft Visual Studio Solution File, Format Version 12.00
# Visual Studio 2012
Project("{FAE04EC0-301F-11D3-BF4B-00C04F79EFBC}") = "CCM2", "CCM2\CCM2.csproj", "{0A820441-27FA-494C-927E-285E88C0E23C}"
EndProject
Global
	GlobalSection(SolutionConfigurationPlatforms) = preSolution
		Debug|Any CPU = Debug|Any CPU
		Release|Any CPU = Release|Any CPU
	EndGlobalSection
	GlobalSection(ProjectConfigurationPlatforms) = postSolution
		{0A820441-27FA-494C-927E-285E88C0E23C}.Debug|Any CPU.ActiveCfg = Debug|Any CPU
		{0A820441-27FA-494C-927E-285E88C0E23C}.Debug|Any CPU.Build.0 = Debug|Any CPU
		{0A820441-27FA-494C-927E-285E88C0E23C}.Release|Any CPU.ActiveCfg = Release|Any CPU
		{0A820441-27FA-494C-927E-285E88C0E23C}.Release|Any CPU.Build.0 = Release|Any CPU
	EndGlobalSection
	GlobalSection(SolutionProperties) = preSolution
		HideSolutionNode = FALSE
	EndGlobalSection
EndGlobal
